// !$*UTF8*$!
{
	archiveVersion = 1;
	classes = {
	};
	objectVersion = 50;
	objects = {

/* Begin PBXBuildFile section */
		EEAAB6FB225FE6DC001D9F4F /* SearchViewDataSource.swift in Sources */ = {isa = PBXBuildFile; fileRef = EEAAB6FA225FE6DC001D9F4F /* SearchViewDataSource.swift */; };
		EEAAB6FF225FF291001D9F4F /* TVShowCell.swift in Sources */ = {isa = PBXBuildFile; fileRef = EEAAB6FE225FF291001D9F4F /* TVShowCell.swift */; };
		EEAAB703225FFB28001D9F4F /* SearchViewModel.swift in Sources */ = {isa = PBXBuildFile; fileRef = EEAAB702225FFB28001D9F4F /* SearchViewModel.swift */; };
		EEAAB709226017E2001D9F4F /* URL+Https.swift in Sources */ = {isa = PBXBuildFile; fileRef = EEAAB708226017E2001D9F4F /* URL+Https.swift */; };
		EEAB2340225F9CB400445DA5 /* AppDelegate.swift in Sources */ = {isa = PBXBuildFile; fileRef = EEAB233F225F9CB400445DA5 /* AppDelegate.swift */; };
		EEAB2342225F9CB400445DA5 /* SearchViewController.swift in Sources */ = {isa = PBXBuildFile; fileRef = EEAB2341225F9CB400445DA5 /* SearchViewController.swift */; };
		EEAB2345225F9CB400445DA5 /* Main.storyboard in Resources */ = {isa = PBXBuildFile; fileRef = EEAB2343225F9CB400445DA5 /* Main.storyboard */; };
		EEAB2347225F9CB500445DA5 /* Assets.xcassets in Resources */ = {isa = PBXBuildFile; fileRef = EEAB2346225F9CB500445DA5 /* Assets.xcassets */; };
		EEAB234A225F9CB500445DA5 /* LaunchScreen.storyboard in Resources */ = {isa = PBXBuildFile; fileRef = EEAB2348225F9CB500445DA5 /* LaunchScreen.storyboard */; };
		EEAB2352225F9DCD00445DA5 /* NetworkingProvider.swift in Sources */ = {isa = PBXBuildFile; fileRef = EEAB2351225F9DCD00445DA5 /* NetworkingProvider.swift */; };
		EEAB2355225F9E9800445DA5 /* NetworkingRouter.swift in Sources */ = {isa = PBXBuildFile; fileRef = EEAB2354225F9E9800445DA5 /* NetworkingRouter.swift */; };
		EEAB2357225FA8DD00445DA5 /* NetworkingError.swift in Sources */ = {isa = PBXBuildFile; fileRef = EEAB2356225FA8DD00445DA5 /* NetworkingError.swift */; };
		EEAB235A225FABD300445DA5 /* SearchRouter.swift in Sources */ = {isa = PBXBuildFile; fileRef = EEAB2359225FABD300445DA5 /* SearchRouter.swift */; };
		EEAB235D225FADA100445DA5 /* ShowSearchRequest.swift in Sources */ = {isa = PBXBuildFile; fileRef = EEAB235C225FADA100445DA5 /* ShowSearchRequest.swift */; };
		EEAB235F225FB05F00445DA5 /* Codable+Dictionary.swift in Sources */ = {isa = PBXBuildFile; fileRef = EEAB235E225FB05F00445DA5 /* Codable+Dictionary.swift */; };
		EEAB2363225FB8A200445DA5 /* NetworkingServer.swift in Sources */ = {isa = PBXBuildFile; fileRef = EEAB2362225FB8A200445DA5 /* NetworkingServer.swift */; };
		EEB56E14225FBB780048141C /* NetworkingTests.swift in Sources */ = {isa = PBXBuildFile; fileRef = EEB56E13225FBB780048141C /* NetworkingTests.swift */; };
		EEB56E17225FD23A0048141C /* TVShow.swift in Sources */ = {isa = PBXBuildFile; fileRef = EEB56E16225FD23A0048141C /* TVShow.swift */; };
		EEB56E19225FDAA40048141C /* LoadingView.swift in Sources */ = {isa = PBXBuildFile; fileRef = EEB56E18225FDAA40048141C /* LoadingView.swift */; };
/* End PBXBuildFile section */

/* Begin PBXContainerItemProxy section */
		EEB56E0E225FBB650048141C /* PBXContainerItemProxy */ = {
			isa = PBXContainerItemProxy;
			containerPortal = EEAB2334225F9CB400445DA5 /* Project object */;
			proxyType = 1;
			remoteGlobalIDString = EEAB233B225F9CB400445DA5;
			remoteInfo = AHTVmazeDemo;
		};
/* End PBXContainerItemProxy section */

/* Begin PBXFileReference section */
		EEAAB6FA225FE6DC001D9F4F /* SearchViewDataSource.swift */ = {isa = PBXFileReference; lastKnownFileType = sourcecode.swift; path = SearchViewDataSource.swift; sourceTree = "<group>"; };
		EEAAB6FE225FF291001D9F4F /* TVShowCell.swift */ = {isa = PBXFileReference; lastKnownFileType = sourcecode.swift; path = TVShowCell.swift; sourceTree = "<group>"; };
		EEAAB702225FFB28001D9F4F /* SearchViewModel.swift */ = {isa = PBXFileReference; lastKnownFileType = sourcecode.swift; path = SearchViewModel.swift; sourceTree = "<group>"; };
		EEAAB708226017E2001D9F4F /* URL+Https.swift */ = {isa = PBXFileReference; lastKnownFileType = sourcecode.swift; path = "URL+Https.swift"; sourceTree = "<group>"; };
		EEAB233C225F9CB400445DA5 /* AHTVmazeDemo.app */ = {isa = PBXFileReference; explicitFileType = wrapper.application; includeInIndex = 0; path = AHTVmazeDemo.app; sourceTree = BUILT_PRODUCTS_DIR; };
		EEAB233F225F9CB400445DA5 /* AppDelegate.swift */ = {isa = PBXFileReference; lastKnownFileType = sourcecode.swift; path = AppDelegate.swift; sourceTree = "<group>"; };
		EEAB2341225F9CB400445DA5 /* SearchViewController.swift */ = {isa = PBXFileReference; lastKnownFileType = sourcecode.swift; path = SearchViewController.swift; sourceTree = "<group>"; };
		EEAB2344225F9CB400445DA5 /* Base */ = {isa = PBXFileReference; lastKnownFileType = file.storyboard; name = Base; path = Base.lproj/Main.storyboard; sourceTree = "<group>"; };
		EEAB2346225F9CB500445DA5 /* Assets.xcassets */ = {isa = PBXFileReference; lastKnownFileType = folder.assetcatalog; path = Assets.xcassets; sourceTree = "<group>"; };
		EEAB2349225F9CB500445DA5 /* Base */ = {isa = PBXFileReference; lastKnownFileType = file.storyboard; name = Base; path = Base.lproj/LaunchScreen.storyboard; sourceTree = "<group>"; };
		EEAB234B225F9CB500445DA5 /* Info.plist */ = {isa = PBXFileReference; lastKnownFileType = text.plist.xml; path = Info.plist; sourceTree = "<group>"; };
		EEAB2351225F9DCD00445DA5 /* NetworkingProvider.swift */ = {isa = PBXFileReference; lastKnownFileType = sourcecode.swift; path = NetworkingProvider.swift; sourceTree = "<group>"; };
		EEAB2354225F9E9800445DA5 /* NetworkingRouter.swift */ = {isa = PBXFileReference; lastKnownFileType = sourcecode.swift; path = NetworkingRouter.swift; sourceTree = "<group>"; };
		EEAB2356225FA8DD00445DA5 /* NetworkingError.swift */ = {isa = PBXFileReference; lastKnownFileType = sourcecode.swift; path = NetworkingError.swift; sourceTree = "<group>"; };
		EEAB2359225FABD300445DA5 /* SearchRouter.swift */ = {isa = PBXFileReference; lastKnownFileType = sourcecode.swift; path = SearchRouter.swift; sourceTree = "<group>"; };
		EEAB235C225FADA100445DA5 /* ShowSearchRequest.swift */ = {isa = PBXFileReference; lastKnownFileType = sourcecode.swift; path = ShowSearchRequest.swift; sourceTree = "<group>"; };
		EEAB235E225FB05F00445DA5 /* Codable+Dictionary.swift */ = {isa = PBXFileReference; lastKnownFileType = sourcecode.swift; path = "Codable+Dictionary.swift"; sourceTree = "<group>"; };
		EEAB2362225FB8A200445DA5 /* NetworkingServer.swift */ = {isa = PBXFileReference; lastKnownFileType = sourcecode.swift; path = NetworkingServer.swift; sourceTree = "<group>"; };
		EEB56E09225FBB650048141C /* AHTVmazeDemoTests.xctest */ = {isa = PBXFileReference; explicitFileType = wrapper.cfbundle; includeInIndex = 0; path = AHTVmazeDemoTests.xctest; sourceTree = BUILT_PRODUCTS_DIR; };
		EEB56E0D225FBB650048141C /* Info.plist */ = {isa = PBXFileReference; lastKnownFileType = text.plist.xml; path = Info.plist; sourceTree = "<group>"; };
		EEB56E13225FBB780048141C /* NetworkingTests.swift */ = {isa = PBXFileReference; lastKnownFileType = sourcecode.swift; path = NetworkingTests.swift; sourceTree = "<group>"; };
		EEB56E16225FD23A0048141C /* TVShow.swift */ = {isa = PBXFileReference; lastKnownFileType = sourcecode.swift; path = TVShow.swift; sourceTree = "<group>"; };
		EEB56E18225FDAA40048141C /* LoadingView.swift */ = {isa = PBXFileReference; lastKnownFileType = sourcecode.swift; path = LoadingView.swift; sourceTree = "<group>"; };
/* End PBXFileReference section */

/* Begin PBXFrameworksBuildPhase section */
		EEAB2339225F9CB400445DA5 /* Frameworks */ = {
			isa = PBXFrameworksBuildPhase;
			buildActionMask = 2147483647;
			files = (
			);
			runOnlyForDeploymentPostprocessing = 0;
		};
		EEB56E06225FBB650048141C /* Frameworks */ = {
			isa = PBXFrameworksBuildPhase;
			buildActionMask = 2147483647;
			files = (
			);
			runOnlyForDeploymentPostprocessing = 0;
		};
/* End PBXFrameworksBuildPhase section */

/* Begin PBXGroup section */
		EEAAB704225FFDF9001D9F4F /* Modules */ = {
			isa = PBXGroup;
			children = (
				EEAAB705225FFE22001D9F4F /* Search */,
			);
			path = Modules;
			sourceTree = "<group>";
		};
		EEAAB705225FFE22001D9F4F /* Search */ = {
			isa = PBXGroup;
			children = (
				EEAB2341225F9CB400445DA5 /* SearchViewController.swift */,
				EEAAB6FE225FF291001D9F4F /* TVShowCell.swift */,
				EEAAB702225FFB28001D9F4F /* SearchViewModel.swift */,
				EEAAB6FA225FE6DC001D9F4F /* SearchViewDataSource.swift */,
			);
			path = Search;
			sourceTree = "<group>";
		};
		EEAB2333225F9CB400445DA5 = {
			isa = PBXGroup;
			children = (
				EEAB233E225F9CB400445DA5 /* AHTVmazeDemo */,
				EEB56E0A225FBB650048141C /* AHTVmazeDemoTests */,
				EEAB233D225F9CB400445DA5 /* Products */,
			);
			sourceTree = "<group>";
		};
		EEAB233D225F9CB400445DA5 /* Products */ = {
			isa = PBXGroup;
			children = (
				EEAB233C225F9CB400445DA5 /* AHTVmazeDemo.app */,
				EEB56E09225FBB650048141C /* AHTVmazeDemoTests.xctest */,
			);
			name = Products;
			sourceTree = "<group>";
		};
		EEAB233E225F9CB400445DA5 /* AHTVmazeDemo */ = {
			isa = PBXGroup;
			children = (
				EEB56E15225FD2270048141C /* Entities */,
				EEAAB704225FFDF9001D9F4F /* Modules */,
				EEAB2353225F9DD200445DA5 /* Network */,
				EEAB234B225F9CB500445DA5 /* Info.plist */,
				EEAB233F225F9CB400445DA5 /* AppDelegate.swift */,
				EEB56E18225FDAA40048141C /* LoadingView.swift */,
				EEAB2346225F9CB500445DA5 /* Assets.xcassets */,
				EEAB2348225F9CB500445DA5 /* LaunchScreen.storyboard */,
				EEAB2343225F9CB400445DA5 /* Main.storyboard */,
			);
			path = AHTVmazeDemo;
			sourceTree = "<group>";
		};
		EEAB2353225F9DD200445DA5 /* Network */ = {
			isa = PBXGroup;
			children = (
				EEAB2351225F9DCD00445DA5 /* NetworkingProvider.swift */,
				EEAB2354225F9E9800445DA5 /* NetworkingRouter.swift */,
				EEAB2356225FA8DD00445DA5 /* NetworkingError.swift */,
				EEAB2362225FB8A200445DA5 /* NetworkingServer.swift */,
				EEAB235B225FAD6F00445DA5 /* Search */,
				EEAB235E225FB05F00445DA5 /* Codable+Dictionary.swift */,
				EEAAB708226017E2001D9F4F /* URL+Https.swift */,
			);
			path = Network;
			sourceTree = "<group>";
		};
		EEAB235B225FAD6F00445DA5 /* Search */ = {
			isa = PBXGroup;
			children = (
				EEAB2359225FABD300445DA5 /* SearchRouter.swift */,
				EEAB235C225FADA100445DA5 /* ShowSearchRequest.swift */,
			);
			path = Search;
			sourceTree = "<group>";
		};
		EEB56E0A225FBB650048141C /* AHTVmazeDemoTests */ = {
			isa = PBXGroup;
			children = (
				EEB56E0D225FBB650048141C /* Info.plist */,
				EEB56E13225FBB780048141C /* NetworkingTests.swift */,
			);
			path = AHTVmazeDemoTests;
			sourceTree = "<group>";
		};
		EEB56E15225FD2270048141C /* Entities */ = {
			isa = PBXGroup;
			children = (
				EEB56E16225FD23A0048141C /* TVShow.swift */,
			);
			path = Entities;
			sourceTree = "<group>";
		};
/* End PBXGroup section */

/* Begin PBXNativeTarget section */
		EEAB233B225F9CB400445DA5 /* AHTVmazeDemo */ = {
			isa = PBXNativeTarget;
			buildConfigurationList = EEAB234E225F9CB500445DA5 /* Build configuration list for PBXNativeTarget "AHTVmazeDemo" */;
			buildPhases = (
				EEAB2338225F9CB400445DA5 /* Sources */,
				EEAB2339225F9CB400445DA5 /* Frameworks */,
				EEAB233A225F9CB400445DA5 /* Resources */,
			);
			buildRules = (
			);
			dependencies = (
			);
			name = AHTVmazeDemo;
			productName = AHTVmazeDemo;
			productReference = EEAB233C225F9CB400445DA5 /* AHTVmazeDemo.app */;
			productType = "com.apple.product-type.application";
		};
		EEB56E08225FBB650048141C /* AHTVmazeDemoTests */ = {
			isa = PBXNativeTarget;
			buildConfigurationList = EEB56E10225FBB650048141C /* Build configuration list for PBXNativeTarget "AHTVmazeDemoTests" */;
			buildPhases = (
				EEB56E05225FBB650048141C /* Sources */,
				EEB56E06225FBB650048141C /* Frameworks */,
				EEB56E07225FBB650048141C /* Resources */,
			);
			buildRules = (
			);
			dependencies = (
				EEB56E0F225FBB650048141C /* PBXTargetDependency */,
			);
			name = AHTVmazeDemoTests;
			productName = AHTVmazeDemoTests;
			productReference = EEB56E09225FBB650048141C /* AHTVmazeDemoTests.xctest */;
			productType = "com.apple.product-type.bundle.unit-test";
		};
/* End PBXNativeTarget section */

/* Begin PBXProject section */
		EEAB2334225F9CB400445DA5 /* Project object */ = {
			isa = PBXProject;
			attributes = {
				LastSwiftUpdateCheck = 1020;
				LastUpgradeCheck = 1020;
				ORGANIZATIONNAME = "Andreas Hörberg";
				TargetAttributes = {
					EEAB233B225F9CB400445DA5 = {
						CreatedOnToolsVersion = 10.2;
					};
					EEB56E08225FBB650048141C = {
						CreatedOnToolsVersion = 10.2;
						TestTargetID = EEAB233B225F9CB400445DA5;
					};
				};
			};
			buildConfigurationList = EEAB2337225F9CB400445DA5 /* Build configuration list for PBXProject "AHTVmazeDemo" */;
			compatibilityVersion = "Xcode 9.3";
			developmentRegion = en;
			hasScannedForEncodings = 0;
			knownRegions = (
				en,
				Base,
			);
			mainGroup = EEAB2333225F9CB400445DA5;
			productRefGroup = EEAB233D225F9CB400445DA5 /* Products */;
			projectDirPath = "";
			projectRoot = "";
			targets = (
				EEAB233B225F9CB400445DA5 /* AHTVmazeDemo */,
				EEB56E08225FBB650048141C /* AHTVmazeDemoTests */,
			);
		};
/* End PBXProject section */

/* Begin PBXResourcesBuildPhase section */
		EEAB233A225F9CB400445DA5 /* Resources */ = {
			isa = PBXResourcesBuildPhase;
			buildActionMask = 2147483647;
			files = (
				EEAB234A225F9CB500445DA5 /* LaunchScreen.storyboard in Resources */,
				EEAB2347225F9CB500445DA5 /* Assets.xcassets in Resources */,
				EEAB2345225F9CB400445DA5 /* Main.storyboard in Resources */,
			);
			runOnlyForDeploymentPostprocessing = 0;
		};
		EEB56E07225FBB650048141C /* Resources */ = {
			isa = PBXResourcesBuildPhase;
			buildActionMask = 2147483647;
			files = (
			);
			runOnlyForDeploymentPostprocessing = 0;
		};
/* End PBXResourcesBuildPhase section */

/* Begin PBXSourcesBuildPhase section */
		EEAB2338225F9CB400445DA5 /* Sources */ = {
			isa = PBXSourcesBuildPhase;
			buildActionMask = 2147483647;
			files = (
				EEAB235A225FABD300445DA5 /* SearchRouter.swift in Sources */,
				EEAB2342225F9CB400445DA5 /* SearchViewController.swift in Sources */,
				EEAAB6FF225FF291001D9F4F /* TVShowCell.swift in Sources */,
				EEAB2340225F9CB400445DA5 /* AppDelegate.swift in Sources */,
				EEB56E19225FDAA40048141C /* LoadingView.swift in Sources */,
				EEAB2355225F9E9800445DA5 /* NetworkingRouter.swift in Sources */,
				EEAB2352225F9DCD00445DA5 /* NetworkingProvider.swift in Sources */,
				EEAAB6FB225FE6DC001D9F4F /* SearchViewDataSource.swift in Sources */,
				EEAAB703225FFB28001D9F4F /* SearchViewModel.swift in Sources */,
				EEAAB709226017E2001D9F4F /* URL+Https.swift in Sources */,
				EEAB235D225FADA100445DA5 /* ShowSearchRequest.swift in Sources */,
				EEAB235F225FB05F00445DA5 /* Codable+Dictionary.swift in Sources */,
				EEAB2357225FA8DD00445DA5 /* NetworkingError.swift in Sources */,
				EEB56E17225FD23A0048141C /* TVShow.swift in Sources */,
				EEAB2363225FB8A200445DA5 /* NetworkingServer.swift in Sources */,
			);
			runOnlyForDeploymentPostprocessing = 0;
		};
		EEB56E05225FBB650048141C /* Sources */ = {
			isa = PBXSourcesBuildPhase;
			buildActionMask = 2147483647;
			files = (
				EEB56E14225FBB780048141C /* NetworkingTests.swift in Sources */,
			);
			runOnlyForDeploymentPostprocessing = 0;
		};
/* End PBXSourcesBuildPhase section */

/* Begin PBXTargetDependency section */
		EEB56E0F225FBB650048141C /* PBXTargetDependency */ = {
			isa = PBXTargetDependency;
			target = EEAB233B225F9CB400445DA5 /* AHTVmazeDemo */;
			targetProxy = EEB56E0E225FBB650048141C /* PBXContainerItemProxy */;
		};
/* End PBXTargetDependency section */

/* Begin PBXVariantGroup section */
		EEAB2343225F9CB400445DA5 /* Main.storyboard */ = {
			isa = PBXVariantGroup;
			children = (
				EEAB2344225F9CB400445DA5 /* Base */,
			);
			name = Main.storyboard;
			sourceTree = "<group>";
		};
		EEAB2348225F9CB500445DA5 /* LaunchScreen.storyboard */ = {
			isa = PBXVariantGroup;
			children = (
				EEAB2349225F9CB500445DA5 /* Base */,
			);
			name = LaunchScreen.storyboard;
			sourceTree = "<group>";
		};
/* End PBXVariantGroup section */

/* Begin XCBuildConfiguration section */
		EEAB234C225F9CB500445DA5 /* Debug */ = {
			isa = XCBuildConfiguration;
			buildSettings = {
				ALWAYS_SEARCH_USER_PATHS = NO;
				CLANG_ANALYZER_NONNULL = YES;
				CLANG_ANALYZER_NUMBER_OBJECT_CONVERSION = YES_AGGRESSIVE;
				CLANG_CXX_LANGUAGE_STANDARD = "gnu++14";
				CLANG_CXX_LIBRARY = "libc++";
				CLANG_ENABLE_MODULES = YES;
				CLANG_ENABLE_OBJC_ARC = YES;
				CLANG_ENABLE_OBJC_WEAK = YES;
				CLANG_WARN_BLOCK_CAPTURE_AUTORELEASING = YES;
				CLANG_WARN_BOOL_CONVERSION = YES;
				CLANG_WARN_COMMA = YES;
				CLANG_WARN_CONSTANT_CONVERSION = YES;
				CLANG_WARN_DEPRECATED_OBJC_IMPLEMENTATIONS = YES;
				CLANG_WARN_DIRECT_OBJC_ISA_USAGE = YES_ERROR;
				CLANG_WARN_DOCUMENTATION_COMMENTS = YES;
				CLANG_WARN_EMPTY_BODY = YES;
				CLANG_WARN_ENUM_CONVERSION = YES;
				CLANG_WARN_INFINITE_RECURSION = YES;
				CLANG_WARN_INT_CONVERSION = YES;
				CLANG_WARN_NON_LITERAL_NULL_CONVERSION = YES;
				CLANG_WARN_OBJC_IMPLICIT_RETAIN_SELF = YES;
				CLANG_WARN_OBJC_LITERAL_CONVERSION = YES;
				CLANG_WARN_OBJC_ROOT_CLASS = YES_ERROR;
				CLANG_WARN_RANGE_LOOP_ANALYSIS = YES;
				CLANG_WARN_STRICT_PROTOTYPES = YES;
				CLANG_WARN_SUSPICIOUS_MOVE = YES;
				CLANG_WARN_UNGUARDED_AVAILABILITY = YES_AGGRESSIVE;
				CLANG_WARN_UNREACHABLE_CODE = YES;
				CLANG_WARN__DUPLICATE_METHOD_MATCH = YES;
				CODE_SIGN_IDENTITY = "iPhone Developer";
				COPY_PHASE_STRIP = NO;
				DEBUG_INFORMATION_FORMAT = dwarf;
				ENABLE_STRICT_OBJC_MSGSEND = YES;
				ENABLE_TESTABILITY = YES;
				GCC_C_LANGUAGE_STANDARD = gnu11;
				GCC_DYNAMIC_NO_PIC = NO;
				GCC_NO_COMMON_BLOCKS = YES;
				GCC_OPTIMIZATION_LEVEL = 0;
				GCC_PREPROCESSOR_DEFINITIONS = (
					"DEBUG=1",
					"$(inherited)",
				);
				GCC_WARN_64_TO_32_BIT_CONVERSION = YES;
				GCC_WARN_ABOUT_RETURN_TYPE = YES_ERROR;
				GCC_WARN_UNDECLARED_SELECTOR = YES;
				GCC_WARN_UNINITIALIZED_AUTOS = YES_AGGRESSIVE;
				GCC_WARN_UNUSED_FUNCTION = YES;
				GCC_WARN_UNUSED_VARIABLE = YES;
				IPHONEOS_DEPLOYMENT_TARGET = 12.2;
				MTL_ENABLE_DEBUG_INFO = INCLUDE_SOURCE;
				MTL_FAST_MATH = YES;
				ONLY_ACTIVE_ARCH = YES;
				SDKROOT = iphoneos;
				SWIFT_ACTIVE_COMPILATION_CONDITIONS = DEBUG;
				SWIFT_OPTIMIZATION_LEVEL = "-Onone";
			};
			name = Debug;
		};
		EEAB234D225F9CB500445DA5 /* Release */ = {
			isa = XCBuildConfiguration;
			buildSettings = {
				ALWAYS_SEARCH_USER_PATHS = NO;
				CLANG_ANALYZER_NONNULL = YES;
				CLANG_ANALYZER_NUMBER_OBJECT_CONVERSION = YES_AGGRESSIVE;
				CLANG_CXX_LANGUAGE_STANDARD = "gnu++14";
				CLANG_CXX_LIBRARY = "libc++";
				CLANG_ENABLE_MODULES = YES;
				CLANG_ENABLE_OBJC_ARC = YES;
				CLANG_ENABLE_OBJC_WEAK = YES;
				CLANG_WARN_BLOCK_CAPTURE_AUTORELEASING = YES;
				CLANG_WARN_BOOL_CONVERSION = YES;
				CLANG_WARN_COMMA = YES;
				CLANG_WARN_CONSTANT_CONVERSION = YES;
				CLANG_WARN_DEPRECATED_OBJC_IMPLEMENTATIONS = YES;
				CLANG_WARN_DIRECT_OBJC_ISA_USAGE = YES_ERROR;
				CLANG_WARN_DOCUMENTATION_COMMENTS = YES;
				CLANG_WARN_EMPTY_BODY = YES;
				CLANG_WARN_ENUM_CONVERSION = YES;
				CLANG_WARN_INFINITE_RECURSION = YES;
				CLANG_WARN_INT_CONVERSION = YES;
				CLANG_WARN_NON_LITERAL_NULL_CONVERSION = YES;
				CLANG_WARN_OBJC_IMPLICIT_RETAIN_SELF = YES;
				CLANG_WARN_OBJC_LITERAL_CONVERSION = YES;
				CLANG_WARN_OBJC_ROOT_CLASS = YES_ERROR;
				CLANG_WARN_RANGE_LOOP_ANALYSIS = YES;
				CLANG_WARN_STRICT_PROTOTYPES = YES;
				CLANG_WARN_SUSPICIOUS_MOVE = YES;
				CLANG_WARN_UNGUARDED_AVAILABILITY = YES_AGGRESSIVE;
				CLANG_WARN_UNREACHABLE_CODE = YES;
				CLANG_WARN__DUPLICATE_METHOD_MATCH = YES;
				CODE_SIGN_IDENTITY = "iPhone Developer";
				COPY_PHASE_STRIP = NO;
				DEBUG_INFORMATION_FORMAT = "dwarf-with-dsym";
				ENABLE_NS_ASSERTIONS = NO;
				ENABLE_STRICT_OBJC_MSGSEND = YES;
				GCC_C_LANGUAGE_STANDARD = gnu11;
				GCC_NO_COMMON_BLOCKS = YES;
				GCC_WARN_64_TO_32_BIT_CONVERSION = YES;
				GCC_WARN_ABOUT_RETURN_TYPE = YES_ERROR;
				GCC_WARN_UNDECLARED_SELECTOR = YES;
				GCC_WARN_UNINITIALIZED_AUTOS = YES_AGGRESSIVE;
				GCC_WARN_UNUSED_FUNCTION = YES;
				GCC_WARN_UNUSED_VARIABLE = YES;
				IPHONEOS_DEPLOYMENT_TARGET = 12.2;
				MTL_ENABLE_DEBUG_INFO = NO;
				MTL_FAST_MATH = YES;
				SDKROOT = iphoneos;
				SWIFT_COMPILATION_MODE = wholemodule;
				SWIFT_OPTIMIZATION_LEVEL = "-O";
				VALIDATE_PRODUCT = YES;
			};
			name = Release;
		};
		EEAB234F225F9CB500445DA5 /* Debug */ = {
			isa = XCBuildConfiguration;
			buildSettings = {
				ASSETCATALOG_COMPILER_APPICON_NAME = AppIcon;
				CODE_SIGN_STYLE = Automatic;
				DEVELOPMENT_TEAM = 3PJL6N7ZC7;
				INFOPLIST_FILE = AHTVmazeDemo/Info.plist;
				LD_RUNPATH_SEARCH_PATHS = (
					"$(inherited)",
					"@executable_path/Frameworks",
				);
				PRODUCT_BUNDLE_IDENTIFIER = se.imaginareal.AHTVmazeDemo;
				PRODUCT_NAME = "$(TARGET_NAME)";
				SWIFT_VERSION = 5.0;
				TARGETED_DEVICE_FAMILY = "1,2";
			};
			name = Debug;
		};
		EEAB2350225F9CB500445DA5 /* Release */ = {
			isa = XCBuildConfiguration;
			buildSettings = {
				ASSETCATALOG_COMPILER_APPICON_NAME = AppIcon;
				CODE_SIGN_STYLE = Automatic;
				DEVELOPMENT_TEAM = 3PJL6N7ZC7;
				INFOPLIST_FILE = AHTVmazeDemo/Info.plist;
				LD_RUNPATH_SEARCH_PATHS = (
					"$(inherited)",
					"@executable_path/Frameworks",
				);
				PRODUCT_BUNDLE_IDENTIFIER = se.imaginareal.AHTVmazeDemo;
				PRODUCT_NAME = "$(TARGET_NAME)";
				SWIFT_VERSION = 5.0;
				TARGETED_DEVICE_FAMILY = "1,2";
			};
			name = Release;
		};
		EEB56E11225FBB650048141C /* Debug */ = {
			isa = XCBuildConfiguration;
			buildSettings = {
				BUNDLE_LOADER = "$(TEST_HOST)";
				CODE_SIGN_STYLE = Automatic;
				DEVELOPMENT_TEAM = 3PJL6N7ZC7;
				INFOPLIST_FILE = AHTVmazeDemoTests/Info.plist;
				LD_RUNPATH_SEARCH_PATHS = (
					"$(inherited)",
					"@executable_path/Frameworks",
					"@loader_path/Frameworks",
				);
				PRODUCT_BUNDLE_IDENTIFIER = se.imaginareal.AHTVmazeDemoTests;
				PRODUCT_NAME = "$(TARGET_NAME)";
				SWIFT_VERSION = 5.0;
				TARGETED_DEVICE_FAMILY = "1,2";
				TEST_HOST = "$(BUILT_PRODUCTS_DIR)/AHTVmazeDemo.app/AHTVmazeDemo";
			};
			name = Debug;
		};
		EEB56E12225FBB650048141C /* Release */ = {
			isa = XCBuildConfiguration;
			buildSettings = {
				BUNDLE_LOADER = "$(TEST_HOST)";
				CODE_SIGN_STYLE = Automatic;
				DEVELOPMENT_TEAM = 3PJL6N7ZC7;
				INFOPLIST_FILE = AHTVmazeDemoTests/Info.plist;
				LD_RUNPATH_SEARCH_PATHS = (
					"$(inherited)",
					"@executable_path/Frameworks",
					"@loader_path/Frameworks",
				);
				PRODUCT_BUNDLE_IDENTIFIER = se.imaginareal.AHTVmazeDemoTests;
				PRODUCT_NAME = "$(TARGET_NAME)";
				SWIFT_VERSION = 5.0;
				TARGETED_DEVICE_FAMILY = "1,2";
				TEST_HOST = "$(BUILT_PRODUCTS_DIR)/AHTVmazeDemo.app/AHTVmazeDemo";
			};
			name = Release;
		};
/* End XCBuildConfiguration section */

/* Begin XCConfigurationList section */
		EEAB2337225F9CB400445DA5 /* Build configuration list for PBXProject "AHTVmazeDemo" */ = {
			isa = XCConfigurationList;
			buildConfigurations = (
				EEAB234C225F9CB500445DA5 /* Debug */,
				EEAB234D225F9CB500445DA5 /* Release */,
			);
			defaultConfigurationIsVisible = 0;
			defaultConfigurationName = Release;
		};
		EEAB234E225F9CB500445DA5 /* Build configuration list for PBXNativeTarget "AHTVmazeDemo" */ = {
			isa = XCConfigurationList;
			buildConfigurations = (
				EEAB234F225F9CB500445DA5 /* Debug */,
				EEAB2350225F9CB500445DA5 /* Release */,
			);
			defaultConfigurationIsVisible = 0;
			defaultConfigurationName = Release;
		};
		EEB56E10225FBB650048141C /* Build configuration list for PBXNativeTarget "AHTVmazeDemoTests" */ = {
			isa = XCConfigurationList;
			buildConfigurations = (
				EEB56E11225FBB650048141C /* Debug */,
				EEB56E12225FBB650048141C /* Release */,
			);
			defaultConfigurationIsVisible = 0;
			defaultConfigurationName = Release;
		};
/* End XCConfigurationList section */
	};
	rootObject = EEAB2334225F9CB400445DA5 /* Project object */;
}
